packages:
  audio_dac:
    revision: null
    version: null
    source:
      Path: ../../components/boxlambda_soc/../../components/audio_dac
    dependencies: []
  blackbox:
    revision: null
    version: null
    source:
      Path: ../../components/boxlambda_soc/../../components/blackbox
    dependencies:
    - ibex_wb_common
  boxlambda_clk_gen:
    revision: null
    version: null
    source:
      Path: ../../components/boxlambda_soc/../../components/boxlambda_clk_gen
    dependencies: []
  boxlambda_soc:
    revision: null
    version: null
    source:
      Path: ../../components/boxlambda_soc
    dependencies:
    - audio_dac
    - blackbox
    - boxlambda_clk_gen
    - gpio
    - ibex_wb_common
    - ibex_wb_core
    - litedram
    - picorv_dma
    - reset_ctrl
    - riscv-dbg
    - sdspi
    - spiflash
    - usb_hid_host
    - vera
    - wb_dp_ram
    - wb_timer
    - wbuart
    - wbxbar
    - ym2149
  cdc_cells:
    revision: null
    version: null
    source:
      Path: ../../components/boxlambda_soc/../../components/reset_ctrl/../cdc_cells
    dependencies: []
  gpio:
    revision: null
    version: null
    source:
      Path: ../../components/boxlambda_soc/../../components/gpio
    dependencies: []
  ibex:
    revision: null
    version: null
    source:
      Path: ../../components/boxlambda_soc/../../components/ibex_wb_core/../../components/ibex
    dependencies: []
  ibex_wb_common:
    revision: null
    version: null
    source:
      Path: ../../components/boxlambda_soc/../../components/ibex_wb_common
    dependencies: []
  ibex_wb_core:
    revision: null
    version: null
    source:
      Path: ../../components/boxlambda_soc/../../components/ibex_wb_core
    dependencies:
    - ibex
    - ibex_wb_common
  litedram:
    revision: null
    version: null
    source:
      Path: ../../components/boxlambda_soc/../../components/litedram
    dependencies: []
  picorv_dma:
    revision: null
    version: null
    source:
      Path: ../../components/boxlambda_soc/../../components/picorv_dma
    dependencies: []
  reset_ctrl:
    revision: null
    version: null
    source:
      Path: ../../components/boxlambda_soc/../../components/reset_ctrl
    dependencies:
    - cdc_cells
  riscv-dbg:
    revision: null
    version: null
    source:
      Path: ../../components/boxlambda_soc/../../components/riscv-dbg
    dependencies:
    - ibex_wb_common
    - ibex_wb_core
  sdspi:
    revision: null
    version: null
    source:
      Path: ../../components/boxlambda_soc/../../components/sdspi
    dependencies: []
  spiflash:
    revision: null
    version: null
    source:
      Path: ../../components/boxlambda_soc/../../components/spiflash
    dependencies: []
  usb_hid_device:
    revision: null
    version: null
    source:
      Path: ../../components/usb_hid_device
    dependencies: []
  usb_hid_host:
    revision: null
    version: null
    source:
      Path: ../../components/boxlambda_soc/../../components/usb_hid_host
    dependencies:
    - cdc_cells
  vera:
    revision: null
    version: null
    source:
      Path: ../../components/boxlambda_soc/../../components/vera
    dependencies: []
  wb_dp_ram:
    revision: null
    version: null
    source:
      Path: ../../components/boxlambda_soc/../../components/wb_dp_ram
    dependencies: []
  wb_timer:
    revision: null
    version: null
    source:
      Path: ../../components/boxlambda_soc/../../components/wb_timer
    dependencies: []
  wbuart:
    revision: null
    version: null
    source:
      Path: ../../components/boxlambda_soc/../../components/wbuart
    dependencies: []
  wbxbar:
    revision: null
    version: null
    source:
      Path: ../../components/boxlambda_soc/../../components/wbxbar
    dependencies: []
  ym2149:
    revision: null
    version: null
    source:
      Path: ../../components/boxlambda_soc/../../components/ym2149
    dependencies: []
